// !$*UTF8*$!
{
	archiveVersion = 1;
	classes = {
	};
	objectVersion = 46;
	objects = {

/* Begin PBXBuildFile section */
		F4FF611D20471A2300E61462 /* AppDelegate.swift in Sources */ = {isa = PBXBuildFile; fileRef = F4FF611C20471A2300E61462 /* AppDelegate.swift */; };
		F4FF611F20471A2300E61462 /* ViewController.swift in Sources */ = {isa = PBXBuildFile; fileRef = F4FF611E20471A2300E61462 /* ViewController.swift */; };
		F4FF612120471A2300E61462 /* Assets.xcassets in Resources */ = {isa = PBXBuildFile; fileRef = F4FF612020471A2300E61462 /* Assets.xcassets */; };
		F4FF612420471A2400E61462 /* Main.storyboard in Resources */ = {isa = PBXBuildFile; fileRef = F4FF612220471A2400E61462 /* Main.storyboard */; };
		F4FF612F20471A2400E61462 /* GaltExTests.swift in Sources */ = {isa = PBXBuildFile; fileRef = F4FF612E20471A2400E61462 /* GaltExTests.swift */; };
/* End PBXBuildFile section */

/* Begin PBXContainerItemProxy section */
		F4FF612B20471A2400E61462 /* PBXContainerItemProxy */ = {
			isa = PBXContainerItemProxy;
			containerPortal = F4FF611120471A2300E61462 /* Project object */;
			proxyType = 1;
			remoteGlobalIDString = F4FF611820471A2300E61462;
			remoteInfo = GaltEx;
		};
/* End PBXContainerItemProxy section */

/* Begin PBXFileReference section */
		F4FF611920471A2300E61462 /* GaltEx.app */ = {isa = PBXFileReference; explicitFileType = wrapper.application; includeInIndex = 0; path = GaltEx.app; sourceTree = BUILT_PRODUCTS_DIR; };
		F4FF611C20471A2300E61462 /* AppDelegate.swift */ = {isa = PBXFileReference; lastKnownFileType = sourcecode.swift; path = AppDelegate.swift; sourceTree = "<group>"; };
		F4FF611E20471A2300E61462 /* ViewController.swift */ = {isa = PBXFileReference; lastKnownFileType = sourcecode.swift; path = ViewController.swift; sourceTree = "<group>"; };
		F4FF612020471A2300E61462 /* Assets.xcassets */ = {isa = PBXFileReference; lastKnownFileType = folder.assetcatalog; path = Assets.xcassets; sourceTree = "<group>"; };
		F4FF612320471A2400E61462 /* Base */ = {isa = PBXFileReference; lastKnownFileType = file.storyboard; name = Base; path = Base.lproj/Main.storyboard; sourceTree = "<group>"; };
		F4FF612520471A2400E61462 /* Info.plist */ = {isa = PBXFileReference; lastKnownFileType = text.plist.xml; path = Info.plist; sourceTree = "<group>"; };
		F4FF612A20471A2400E61462 /* GaltExTests.xctest */ = {isa = PBXFileReference; explicitFileType = wrapper.cfbundle; includeInIndex = 0; path = GaltExTests.xctest; sourceTree = BUILT_PRODUCTS_DIR; };
		F4FF612E20471A2400E61462 /* GaltExTests.swift */ = {isa = PBXFileReference; lastKnownFileType = sourcecode.swift; path = GaltExTests.swift; sourceTree = "<group>"; };
		F4FF613020471A2400E61462 /* Info.plist */ = {isa = PBXFileReference; lastKnownFileType = text.plist.xml; path = Info.plist; sourceTree = "<group>"; };
/* End PBXFileReference section */

/* Begin PBXFrameworksBuildPhase section */
		F4FF611620471A2300E61462 /* Frameworks */ = {
			isa = PBXFrameworksBuildPhase;
			buildActionMask = 2147483647;
			files = (
			);
			runOnlyForDeploymentPostprocessing = 0;
		};
		F4FF612720471A2400E61462 /* Frameworks */ = {
			isa = PBXFrameworksBuildPhase;
			buildActionMask = 2147483647;
			files = (
			);
			runOnlyForDeploymentPostprocessing = 0;
		};
/* End PBXFrameworksBuildPhase section */

/* Begin PBXGroup section */
		F4FF611020471A2300E61462 = {
			isa = PBXGroup;
			children = (
				F4FF611B20471A2300E61462 /* GaltEx */,
				F4FF612D20471A2400E61462 /* GaltExTests */,
				F4FF611A20471A2300E61462 /* Products */,
			);
			sourceTree = "<group>";
		};
		F4FF611A20471A2300E61462 /* Products */ = {
			isa = PBXGroup;
			children = (
				F4FF611920471A2300E61462 /* GaltEx.app */,
				F4FF612A20471A2400E61462 /* GaltExTests.xctest */,
			);
			name = Products;
			sourceTree = "<group>";
		};
		F4FF611B20471A2300E61462 /* GaltEx */ = {
			isa = PBXGroup;
			children = (
				F4FF611C20471A2300E61462 /* AppDelegate.swift */,
				F4FF611E20471A2300E61462 /* ViewController.swift */,
				F4FF612020471A2300E61462 /* Assets.xcassets */,
				F4FF612220471A2400E61462 /* Main.storyboard */,
				F4FF612520471A2400E61462 /* Info.plist */,
			);
			path = GaltEx;
			sourceTree = "<group>";
		};
		F4FF612D20471A2400E61462 /* GaltExTests */ = {
			isa = PBXGroup;
			children = (
				F4FF612E20471A2400E61462 /* GaltExTests.swift */,
				F4FF613020471A2400E61462 /* Info.plist */,
			);
			path = GaltExTests;
			sourceTree = "<group>";
		};
/* End PBXGroup section */

/* Begin PBXNativeTarget section */
		F4FF611820471A2300E61462 /* GaltEx */ = {
			isa = PBXNativeTarget;
			buildConfigurationList = F4FF613320471A2400E61462 /* Build configuration list for PBXNativeTarget "GaltEx" */;
			buildPhases = (
				F4FF611520471A2300E61462 /* Sources */,
				F4FF611620471A2300E61462 /* Frameworks */,
				F4FF611720471A2300E61462 /* Resources */,
			);
			buildRules = (
			);
			dependencies = (
			);
			name = GaltEx;
			productName = GaltEx;
			productReference = F4FF611920471A2300E61462 /* GaltEx.app */;
			productType = "com.apple.product-type.application";
		};
		F4FF612920471A2400E61462 /* GaltExTests */ = {
			isa = PBXNativeTarget;
			buildConfigurationList = F4FF613620471A2400E61462 /* Build configuration list for PBXNativeTarget "GaltExTests" */;
			buildPhases = (
				F4FF612620471A2400E61462 /* Sources */,
				F4FF612720471A2400E61462 /* Frameworks */,
				F4FF612820471A2400E61462 /* Resources */,
			);
			buildRules = (
			);
			dependencies = (
				F4FF612C20471A2400E61462 /* PBXTargetDependency */,
			);
			name = GaltExTests;
			productName = GaltExTests;
			productReference = F4FF612A20471A2400E61462 /* GaltExTests.xctest */;
			productType = "com.apple.product-type.bundle.unit-test";
		};
/* End PBXNativeTarget section */

/* Begin PBXProject section */
		F4FF611120471A2300E61462 /* Project object */ = {
			isa = PBXProject;
			attributes = {
				LastSwiftUpdateCheck = 0830;
				LastUpgradeCheck = 0830;
				ORGANIZATIONNAME = GaltBank;
				TargetAttributes = {
					F4FF611820471A2300E61462 = {
						CreatedOnToolsVersion = 8.3.2;
						DevelopmentTeam = W7PMV9XFGM;
						ProvisioningStyle = Automatic;
					};
					F4FF612920471A2400E61462 = {
						CreatedOnToolsVersion = 8.3.2;
						DevelopmentTeam = W7PMV9XFGM;
						ProvisioningStyle = Automatic;
						TestTargetID = F4FF611820471A2300E61462;
					};
				};
			};
			buildConfigurationList = F4FF611420471A2300E61462 /* Build configuration list for PBXProject "GaltEx" */;
			compatibilityVersion = "Xcode 3.2";
			developmentRegion = English;
			hasScannedForEncodings = 0;
			knownRegions = (
				en,
				Base,
			);
			mainGroup = F4FF611020471A2300E61462;
			productRefGroup = F4FF611A20471A2300E61462 /* Products */;
			projectDirPath = "";
			projectRoot = "";
			targets = (
				F4FF611820471A2300E61462 /* GaltEx */,
				F4FF612920471A2400E61462 /* GaltExTests */,
			);
		};
/* End PBXProject section */

/* Begin PBXResourcesBuildPhase section */
		F4FF611720471A2300E61462 /* Resources */ = {
			isa = PBXResourcesBuildPhase;
			buildActionMask = 2147483647;
			files = (
				F4FF612120471A2300E61462 /* Assets.xcassets in Resources */,
				F4FF612420471A2400E61462 /* Main.storyboard in Resources */,
			);
			runOnlyForDeploymentPostprocessing = 0;
		};
		F4FF612820471A2400E61462 /* Resources */ = {
			isa = PBXResourcesBuildPhase;
			buildActionMask = 2147483647;
			files = (
			);
			runOnlyForDeploymentPostprocessing = 0;
		};
/* End PBXResourcesBuildPhase section */

/* Begin PBXSourcesBuildPhase section */
		F4FF611520471A2300E61462 /* Sources */ = {
			isa = PBXSourcesBuildPhase;
			buildActionMask = 2147483647;
			files = (
				F4FF611F20471A2300E61462 /* ViewController.swift in Sources */,
				F4FF611D20471A2300E61462 /* AppDelegate.swift in Sources */,
			);
			runOnlyForDeploymentPostprocessing = 0;
		};
		F4FF612620471A2400E61462 /* Sources */ = {
			isa = PBXSourcesBuildPhase;
			buildActionMask = 2147483647;
			files = (
				F4FF612F20471A2400E61462 /* GaltExTests.swift in Sources */,
			);
			runOnlyForDeploymentPostprocessing = 0;
		};
/* End PBXSourcesBuildPhase section */

/* Begin PBXTargetDependency section */
		F4FF612C20471A2400E61462 /* PBXTargetDependency */ = {
			isa = PBXTargetDependency;
			target = F4FF611820471A2300E61462 /* GaltEx */;
			targetProxy = F4FF612B20471A2400E61462 /* PBXContainerItemProxy */;
		};
/* End PBXTargetDependency section */

/* Begin PBXVariantGroup section */
		F4FF612220471A2400E61462 /* Main.storyboard */ = {
			isa = PBXVariantGroup;
			children = (
				F4FF612320471A2400E61462 /* Base */,
			);
			name = Main.storyboard;
			sourceTree = "<group>";
		};
/* End PBXVariantGroup section */

/* Begin XCBuildConfiguration section */
		F4FF613120471A2400E61462 /* Debug */ = {
			isa = XCBuildConfiguration;
			buildSettings = {
				ALWAYS_SEARCH_USER_PATHS = NO;
				CLANG_ANALYZER_NONNULL = YES;
				CLANG_ANALYZER_NUMBER_OBJECT_CONVERSION = YES_AGGRESSIVE;
				CLANG_CXX_LANGUAGE_STANDARD = "gnu++0x";
				CLANG_CXX_LIBRARY = "libc++";
				CLANG_ENABLE_MODULES = YES;
				CLANG_ENABLE_OBJC_ARC = YES;
				CLANG_WARN_BOOL_CONVERSION = YES;
				CLANG_WARN_CONSTANT_CONVERSION = YES;
				CLANG_WARN_DIRECT_OBJC_ISA_USAGE = YES_ERROR;
				CLANG_WARN_DOCUMENTATION_COMMENTS = YES;
				CLANG_WARN_EMPTY_BODY = YES;
				CLANG_WARN_ENUM_CONVERSION = YES;
				CLANG_WARN_INFINITE_RECURSION = YES;
				CLANG_WARN_INT_CONVERSION = YES;
				CLANG_WARN_OBJC_ROOT_CLASS = YES_ERROR;
				CLANG_WARN_SUSPICIOUS_MOVE = YES;
				CLANG_WARN_UNREACHABLE_CODE = YES;
				CLANG_WARN__DUPLICATE_METHOD_MATCH = YES;
				CODE_SIGN_IDENTITY = "-";
				COPY_PHASE_STRIP = NO;
				DEBUG_INFORMATION_FORMAT = dwarf;
				ENABLE_STRICT_OBJC_MSGSEND = YES;
				ENABLE_TESTABILITY = YES;
				GCC_C_LANGUAGE_STANDARD = gnu99;
				GCC_DYNAMIC_NO_PIC = NO;
				GCC_NO_COMMON_BLOCKS = YES;
				GCC_OPTIMIZATION_LEVEL = 0;
				GCC_PREPROCESSOR_DEFINITIONS = (
					"DEBUG=1",
					"$(inherited)",
				);
				GCC_WARN_64_TO_32_BIT_CONVERSION = YES;
				GCC_WARN_ABOUT_RETURN_TYPE = YES_ERROR;
				GCC_WARN_UNDECLARED_SELECTOR = YES;
				GCC_WARN_UNINITIALIZED_AUTOS = YES_AGGRESSIVE;
				GCC_WARN_UNUSED_FUNCTION = YES;
				GCC_WARN_UNUSED_VARIABLE = YES;
				MACOSX_DEPLOYMENT_TARGET = 10.12;
				MTL_ENABLE_DEBUG_INFO = YES;
				ONLY_ACTIVE_ARCH = YES;
				SDKROOT = macosx;
				SWIFT_ACTIVE_COMPILATION_CONDITIONS = DEBUG;
				SWIFT_OPTIMIZATION_LEVEL = "-Onone";
			};
			name = Debug;
		};
		F4FF613220471A2400E61462 /* Release */ = {
			isa = XCBuildConfiguration;
			buildSettings = {
				ALWAYS_SEARCH_USER_PATHS = NO;
				CLANG_ANALYZER_NONNULL = YES;
				CLANG_ANALYZER_NUMBER_OBJECT_CONVERSION = YES_AGGRESSIVE;
				CLANG_CXX_LANGUAGE_STANDARD = "gnu++0x";
				CLANG_CXX_LIBRARY = "libc++";
				CLANG_ENABLE_MODULES = YES;
				CLANG_ENABLE_OBJC_ARC = YES;
				CLANG_WARN_BOOL_CONVERSION = YES;
				CLANG_WARN_CONSTANT_CONVERSION = YES;
				CLANG_WARN_DIRECT_OBJC_ISA_USAGE = YES_ERROR;
				CLANG_WARN_DOCUMENTATION_COMMENTS = YES;
				CLANG_WARN_EMPTY_BODY = YES;
				CLANG_WARN_ENUM_CONVERSION = YES;
				CLANG_WARN_INFINITE_RECURSION = YES;
				CLANG_WARN_INT_CONVERSION = YES;
				CLANG_WARN_OBJC_ROOT_CLASS = YES_ERROR;
				CLANG_WARN_SUSPICIOUS_MOVE = YES;
				CLANG_WARN_UNREACHABLE_CODE = YES;
				CLANG_WARN__DUPLICATE_METHOD_MATCH = YES;
				CODE_SIGN_IDENTITY = "-";
				COPY_PHASE_STRIP = NO;
				DEBUG_INFORMATION_FORMAT = "dwarf-with-dsym";
				ENABLE_NS_ASSERTIONS = NO;
				ENABLE_STRICT_OBJC_MSGSEND = YES;
				GCC_C_LANGUAGE_STANDARD = gnu99;
				GCC_NO_COMMON_BLOCKS = YES;
				GCC_WARN_64_TO_32_BIT_CONVERSION = YES;
				GCC_WARN_ABOUT_RETURN_TYPE = YES_ERROR;
				GCC_WARN_UNDECLARED_SELECTOR = YES;
				GCC_WARN_UNINITIALIZED_AUTOS = YES_AGGRESSIVE;
				GCC_WARN_UNUSED_FUNCTION = YES;
				GCC_WARN_UNUSED_VARIABLE = YES;
				MACOSX_DEPLOYMENT_TARGET = 10.12;
				MTL_ENABLE_DEBUG_INFO = NO;
				SDKROOT = macosx;
				SWIFT_OPTIMIZATION_LEVEL = "-Owholemodule";
			};
			name = Release;
		};
		F4FF613420471A2400E61462 /* Debug */ = {
			isa = XCBuildConfiguration;
			buildSettings = {
				ASSETCATALOG_COMPILER_APPICON_NAME = AppIcon;
				COMBINE_HIDPI_IMAGES = YES;
				DEVELOPMENT_TEAM = W7PMV9XFGM;
				INFOPLIST_FILE = GaltEx/Info.plist;
				LD_RUNPATH_SEARCH_PATHS = "$(inherited) @executable_path/../Frameworks";
				PRODUCT_BUNDLE_IDENTIFIER = GaltBank.GaltEx;
				PRODUCT_NAME = "$(TARGET_NAME)";
				SWIFT_VERSION = 3.0;
			};
			name = Debug;
		};
		F4FF613520471A2400E61462 /* Release */ = {
			isa = XCBuildConfiguration;
			buildSettings = {
				ASSETCATALOG_COMPILER_APPICON_NAME = AppIcon;
				COMBINE_HIDPI_IMAGES = YES;
				DEVELOPMENT_TEAM = W7PMV9XFGM;
				INFOPLIST_FILE = GaltEx/Info.plist;
				LD_RUNPATH_SEARCH_PATHS = "$(inherited) @executable_path/../Frameworks";
				PRODUCT_BUNDLE_IDENTIFIER = GaltBank.GaltEx;
				PRODUCT_NAME = "$(TARGET_NAME)";
				SWIFT_VERSION = 3.0;
			};
			name = Release;
		};
		F4FF613720471A2400E61462 /* Debug */ = {
			isa = XCBuildConfiguration;
			buildSettings = {
				ALWAYS_EMBED_SWIFT_STANDARD_LIBRARIES = YES;
				BUNDLE_LOADER = "$(TEST_HOST)";
				COMBINE_HIDPI_IMAGES = YES;
				DEVELOPMENT_TEAM = W7PMV9XFGM;
				INFOPLIST_FILE = GaltExTests/Info.plist;
				LD_RUNPATH_SEARCH_PATHS = "$(inherited) @executable_path/../Frameworks @loader_path/../Frameworks";
				PRODUCT_BUNDLE_IDENTIFIER = GaltBank.GaltExTests;
				PRODUCT_NAME = "$(TARGET_NAME)";
				SWIFT_VERSION = 3.0;
				TEST_HOST = "$(BUILT_PRODUCTS_DIR)/GaltEx.app/Contents/MacOS/GaltEx";
			};
			name = Debug;
		};
		F4FF613820471A2400E61462 /* Release */ = {
			isa = XCBuildConfiguration;
			buildSettings = {
				ALWAYS_EMBED_SWIFT_STANDARD_LIBRARIES = YES;
				BUNDLE_LOADER = "$(TEST_HOST)";
				COMBINE_HIDPI_IMAGES = YES;
				DEVELOPMENT_TEAM = W7PMV9XFGM;
				INFOPLIST_FILE = GaltExTests/Info.plist;
				LD_RUNPATH_SEARCH_PATHS = "$(inherited) @executable_path/../Frameworks @loader_path/../Frameworks";
				PRODUCT_BUNDLE_IDENTIFIER = GaltBank.GaltExTests;
				PRODUCT_NAME = "$(TARGET_NAME)";
				SWIFT_VERSION = 3.0;
				TEST_HOST = "$(BUILT_PRODUCTS_DIR)/GaltEx.app/Contents/MacOS/GaltEx";
			};
			name = Release;
		};
/* End XCBuildConfiguration section */

/* Begin XCConfigurationList section */
		F4FF611420471A2300E61462 /* Build configuration list for PBXProject "GaltEx" */ = {
			isa = XCConfigurationList;
			buildConfigurations = (
				F4FF613120471A2400E61462 /* Debug */,
				F4FF613220471A2400E61462 /* Release */,
			);
			defaultConfigurationIsVisible = 0;
			defaultConfigurationName = Release;
		};
		F4FF613320471A2400E61462 /* Build configuration list for PBXNativeTarget "GaltEx" */ = {
			isa = XCConfigurationList;
			buildConfigurations = (
				F4FF613420471A2400E61462 /* Debug */,
				F4FF613520471A2400E61462 /* Release */,
			);
			defaultConfigurationIsVisible = 0;
		};
		F4FF613620471A2400E61462 /* Build configuration list for PBXNativeTarget "GaltExTests" */ = {
			isa = XCConfigurationList;
			buildConfigurations = (
				F4FF613720471A2400E61462 /* Debug */,
				F4FF613820471A2400E61462 /* Release */,
			);
			defaultConfigurationIsVisible = 0;
		};
/* End XCConfigurationList section */
	};
	rootObject = F4FF611120471A2300E61462 /* Project object */;
}
